
Microsoft Visual Studio Solution File, Format Version 12.00
# Visual Studio Version 17
VisualStudioVersion = 17.3.32804.467
MinimumVisualStudioVersion = 10.0.40219.1
Project("{9A19103F-16F7-4668-BE54-9A1E7A4F7556}") = "FFXIVMahjong", "FFXIVMahjong.csproj", "{91A51E25-ED18-45DA-86C8-E54B99D65FE7}"
EndProject
Global
	GlobalSection(SolutionConfigurationPlatforms) = preSolution
		Debug|Any CPU = Debug|Any CPU
		Debug|x64 = Debug|x64
		Release|Any CPU = Release|Any CPU
		Release|x64 = Release|x64
	EndGlobalSection
	GlobalSection(ProjectConfigurationPlatforms) = postSolution
		{91A51E25-ED18-45DA-86C8-E54B99D65FE7}.Debug|Any CPU.ActiveCfg = Debug|Any CPU
		{91A51E25-ED18-45DA-86C8-E54B99D65FE7}.Debug|Any CPU.Build.0 = Debug|Any CPU
		{91A51E25-ED18-45DA-86C8-E54B99D65FE7}.Debug|x64.ActiveCfg = Debug|Any CPU
		{91A51E25-ED18-45DA-86C8-E54B99D65FE7}.Debug|x64.Build.0 = Debug|Any CPU
		{91A51E25-ED18-45DA-86C8-E54B99D65FE7}.Release|Any CPU.ActiveCfg = Release|Any CPU
		{91A51E25-ED18-45DA-86C8-E54B99D65FE7}.Release|Any CPU.Build.0 = Release|Any CPU
		{91A51E25-ED18-45DA-86C8-E54B99D65FE7}.Release|x64.ActiveCfg = Release|Any CPU
		{91A51E25-ED18-45DA-86C8-E54B99D65FE7}.Release|x64.Build.0 = Release|Any CPU
	EndGlobalSection
	GlobalSection(SolutionProperties) = preSolution
		HideSolutionNode = FALSE
	EndGlobalSection
	GlobalSection(ExtensibilityGlobals) = postSolution
		SolutionGuid = {84EF40FF-C1EE-4893-AA70-B5A6A3F4F267}
	EndGlobalSection
EndGlobal
